
Microsoft Visual Studio Solution File, Format Version 12.00
# Visual Studio Version 17
VisualStudioVersion = 17.0.32126.317
MinimumVisualStudioVersion = 10.0.40219.1
Project("{FAE04EC0-301F-11D3-BF4B-00C04F79EFBC}") = "Calculator", "Calculator\Calculator.csproj", "{6BEB6896-028F-4563-9A5B-DC6128EE83BC}"
EndProject
Global
	GlobalSection(SolutionConfigurationPlatforms) = preSolution
		Debug|Any CPU = Debug|Any CPU
		Release|Any CPU = Release|Any CPU
	EndGlobalSection
	GlobalSection(ProjectConfigurationPlatforms) = postSolution
		{6BEB6896-028F-4563-9A5B-DC6128EE83BC}.Debug|Any CPU.ActiveCfg = Debug|Any CPU
		{6BEB6896-028F-4563-9A5B-DC6128EE83BC}.Debug|Any CPU.Build.0 = Debug|Any CPU
		{6BEB6896-028F-4563-9A5B-DC6128EE83BC}.Release|Any CPU.ActiveCfg = Release|Any CPU
		{6BEB6896-028F-4563-9A5B-DC6128EE83BC}.Release|Any CPU.Build.0 = Release|Any CPU
	EndGlobalSection
	GlobalSection(SolutionProperties) = preSolution
		HideSolutionNode = FALSE
	EndGlobalSection
	GlobalSection(ExtensibilityGlobals) = postSolution
		SolutionGuid = {15055DFB-01C6-4E05-903D-1F816D2F03FB}
	EndGlobalSection
EndGlobal
